
Microsoft Visual Studio Solution File, Format Version 12.00
# Visual Studio Version 17
VisualStudioVersion = 17.14.36414.22 d17.14
MinimumVisualStudioVersion = 10.0.40219.1
Project("{FAE04EC0-301F-11D3-BF4B-00C04F79EFBC}") = "RollOfTheDice", "RollOfTheDice\RollOfTheDice.csproj", "{F257C8F0-2E59-48FC-A931-D97B11736C9B}"
EndProject
Global
	GlobalSection(SolutionConfigurationPlatforms) = preSolution
		Debug|Any CPU = Debug|Any CPU
		Release|Any CPU = Release|Any CPU
	EndGlobalSection
	GlobalSection(ProjectConfigurationPlatforms) = postSolution
		{F257C8F0-2E59-48FC-A931-D97B11736C9B}.Debug|Any CPU.ActiveCfg = Debug|Any CPU
		{F257C8F0-2E59-48FC-A931-D97B11736C9B}.Debug|Any CPU.Build.0 = Debug|Any CPU
		{F257C8F0-2E59-48FC-A931-D97B11736C9B}.Release|Any CPU.ActiveCfg = Release|Any CPU
		{F257C8F0-2E59-48FC-A931-D97B11736C9B}.Release|Any CPU.Build.0 = Release|Any CPU
	EndGlobalSection
	GlobalSection(SolutionProperties) = preSolution
		HideSolutionNode = FALSE
	EndGlobalSection
	GlobalSection(ExtensibilityGlobals) = postSolution
		SolutionGuid = {DB163815-F95B-446E-AAF1-7A19609450CF}
	EndGlobalSection
EndGlobal
